
Microsoft Visual Studio Solution File, Format Version 12.00
# Visual Studio Version 17
VisualStudioVersion = 17.13.35825.156 d17.13
MinimumVisualStudioVersion = 10.0.40219.1
Project("{FAE04EC0-301F-11D3-BF4B-00C04F79EFBC}") = "CommunitySkillsExchange", "CommunitySkillsExchange\CommunitySkillsExchange.csproj", "{46EE62B7-94D6-48B0-B5DA-5A6791D71E37}"
EndProject
Global
	GlobalSection(SolutionConfigurationPlatforms) = preSolution
		Debug|Any CPU = Debug|Any CPU
		Release|Any CPU = Release|Any CPU
	EndGlobalSection
	GlobalSection(ProjectConfigurationPlatforms) = postSolution
		{46EE62B7-94D6-48B0-B5DA-5A6791D71E37}.Debug|Any CPU.ActiveCfg = Debug|Any CPU
		{46EE62B7-94D6-48B0-B5DA-5A6791D71E37}.Debug|Any CPU.Build.0 = Debug|Any CPU
		{46EE62B7-94D6-48B0-B5DA-5A6791D71E37}.Release|Any CPU.ActiveCfg = Release|Any CPU
		{46EE62B7-94D6-48B0-B5DA-5A6791D71E37}.Release|Any CPU.Build.0 = Release|Any CPU
	EndGlobalSection
	GlobalSection(SolutionProperties) = preSolution
		HideSolutionNode = FALSE
	EndGlobalSection
	GlobalSection(ExtensibilityGlobals) = postSolution
		SolutionGuid = {0F6712EF-D83B-41D5-B7FB-DBC8ED249FD4}
	EndGlobalSection
EndGlobal
